
Microsoft Visual Studio Solution File, Format Version 12.00
# Visual Studio Version 17
VisualStudioVersion = 17.8.34330.188
MinimumVisualStudioVersion = 10.0.40219.1
Project("{9A19103F-16F7-4668-BE54-9A1E7A4F7556}") = "SIOT", "SIOT.Net8\SIOT.csproj", "{181ABED4-67EE-40FC-BEFB-219C97CE95AD}"
EndProject
Global
	GlobalSection(SolutionConfigurationPlatforms) = preSolution
		Debug|Any CPU = Debug|Any CPU
		Debug|ARM64 = Debug|ARM64
		Debug|x64 = Debug|x64
		Debug|x86 = Debug|x86
		Release|Any CPU = Release|Any CPU
		Release|ARM64 = Release|ARM64
		Release|x64 = Release|x64
		Release|x86 = Release|x86
	EndGlobalSection
	GlobalSection(ProjectConfigurationPlatforms) = postSolution
		{181ABED4-67EE-40FC-BEFB-219C97CE95AD}.Debug|Any CPU.ActiveCfg = Debug|Any CPU
		{181ABED4-67EE-40FC-BEFB-219C97CE95AD}.Debug|Any CPU.Build.0 = Debug|Any CPU
		{181ABED4-67EE-40FC-BEFB-219C97CE95AD}.Debug|Any CPU.Deploy.0 = Debug|Any CPU
		{181ABED4-67EE-40FC-BEFB-219C97CE95AD}.Debug|ARM64.ActiveCfg = Debug|Any CPU
		{181ABED4-67EE-40FC-BEFB-219C97CE95AD}.Debug|ARM64.Build.0 = Debug|Any CPU
		{181ABED4-67EE-40FC-BEFB-219C97CE95AD}.Debug|ARM64.Deploy.0 = Debug|Any CPU
		{181ABED4-67EE-40FC-BEFB-219C97CE95AD}.Debug|x64.ActiveCfg = Debug|Any CPU
		{181ABED4-67EE-40FC-BEFB-219C97CE95AD}.Debug|x64.Build.0 = Debug|Any CPU
		{181ABED4-67EE-40FC-BEFB-219C97CE95AD}.Debug|x64.Deploy.0 = Debug|Any CPU
		{181ABED4-67EE-40FC-BEFB-219C97CE95AD}.Debug|x86.ActiveCfg = Debug|Any CPU
		{181ABED4-67EE-40FC-BEFB-219C97CE95AD}.Debug|x86.Build.0 = Debug|Any CPU
		{181ABED4-67EE-40FC-BEFB-219C97CE95AD}.Debug|x86.Deploy.0 = Debug|Any CPU
		{181ABED4-67EE-40FC-BEFB-219C97CE95AD}.Release|Any CPU.ActiveCfg = Release|Any CPU
		{181ABED4-67EE-40FC-BEFB-219C97CE95AD}.Release|Any CPU.Build.0 = Release|Any CPU
		{181ABED4-67EE-40FC-BEFB-219C97CE95AD}.Release|Any CPU.Deploy.0 = Release|Any CPU
		{181ABED4-67EE-40FC-BEFB-219C97CE95AD}.Release|ARM64.ActiveCfg = Release|Any CPU
		{181ABED4-67EE-40FC-BEFB-219C97CE95AD}.Release|ARM64.Build.0 = Release|Any CPU
		{181ABED4-67EE-40FC-BEFB-219C97CE95AD}.Release|ARM64.Deploy.0 = Release|Any CPU
		{181ABED4-67EE-40FC-BEFB-219C97CE95AD}.Release|x64.ActiveCfg = Release|Any CPU
		{181ABED4-67EE-40FC-BEFB-219C97CE95AD}.Release|x64.Build.0 = Release|Any CPU
		{181ABED4-67EE-40FC-BEFB-219C97CE95AD}.Release|x64.Deploy.0 = Release|Any CPU
		{181ABED4-67EE-40FC-BEFB-219C97CE95AD}.Release|x86.ActiveCfg = Release|Any CPU
		{181ABED4-67EE-40FC-BEFB-219C97CE95AD}.Release|x86.Build.0 = Release|Any CPU
		{181ABED4-67EE-40FC-BEFB-219C97CE95AD}.Release|x86.Deploy.0 = Release|Any CPU
	EndGlobalSection
	GlobalSection(SolutionProperties) = preSolution
		HideSolutionNode = FALSE
	EndGlobalSection
	GlobalSection(ExtensibilityGlobals) = postSolution
		SolutionGuid = {B8C93B76-F396-4B1F-9F3D-639D10EADBC5}
	EndGlobalSection
EndGlobal
